Microsoft Visual Studio Solution File, Format Version 12.00
# Visual Studio Version 17
VisualStudioVersion = 17.5.2.0
MinimumVisualStudioVersion = 10.0.40219.1
Project("{FAE04EC0-301F-11D3-BF4B-00C04F79EFBC}") = "MBGroup.Web", "MBGroup.Web\MBGroup.Web.csproj", "{81C13F98-4061-0B51-DFD3-482CA0C065EE}"
EndProject
Global
	GlobalSection(SolutionConfigurationPlatforms) = preSolution
		Debug|Any CPU = Debug|Any CPU
		Release|Any CPU = Release|Any CPU
	EndGlobalSection
	GlobalSection(ProjectConfigurationPlatforms) = postSolution
		{81C13F98-4061-0B51-DFD3-482CA0C065EE}.Debug|Any CPU.ActiveCfg = Debug|Any CPU
		{81C13F98-4061-0B51-DFD3-482CA0C065EE}.Debug|Any CPU.Build.0 = Debug|Any CPU
		{81C13F98-4061-0B51-DFD3-482CA0C065EE}.Release|Any CPU.ActiveCfg = Release|Any CPU
		{81C13F98-4061-0B51-DFD3-482CA0C065EE}.Release|Any CPU.Build.0 = Release|Any CPU
	EndGlobalSection
	GlobalSection(SolutionProperties) = preSolution
		HideSolutionNode = FALSE
	EndGlobalSection
	GlobalSection(ExtensibilityGlobals) = postSolution
		SolutionGuid = {7782C594-9DAA-42F3-910F-519ACECBE9EA}
	EndGlobalSection
EndGlobal
